
Microsoft Visual Studio Solution File, Format Version 12.00
# Visual Studio Version 17
VisualStudioVersion = 17.0.31314.256
MinimumVisualStudioVersion = 10.0.40219.1
Project("{2150E333-8FDC-42A3-9474-1A3956D46DE8}") = "Automation", "Automation", "{0BFBE63A-B98A-3411-8EEB-8918FEC737B3}"
EndProject
Project("{2150E333-8FDC-42A3-9474-1A3956D46DE8}") = "Engine", "Engine", "{233774A8-CC9D-3FA9-86D1-90573E92B704}"
EndProject
Project("{2150E333-8FDC-42A3-9474-1A3956D46DE8}") = "Games", "Games", "{DE1F8B53-6C02-3C13-9101-A7C8D96F3FF6}"
EndProject
Project("{2150E333-8FDC-42A3-9474-1A3956D46DE8}") = "Programs", "Programs", "{A338B9E2-A559-34BE-A46D-F789DD488FAD}"
EndProject
Project("{2150E333-8FDC-42A3-9474-1A3956D46DE8}") = "Rules", "Rules", "{C2F57ECE-B26F-39D8-BDA7-C1D40BD8F180}"
EndProject
Project("{2150E333-8FDC-42A3-9474-1A3956D46DE8}") = "Shared", "Shared", "{57713676-9DBE-331C-AD10-26632AC9EE0C}"
EndProject
Project("{2150E333-8FDC-42A3-9474-1A3956D46DE8}") = "UnrealBuildTool.Plugins", "UnrealBuildTool.Plugins", "{7B5CFB44-F0FB-31DF-AE62-C3C096A29A7B}"
EndProject
Project("{8BC9CEB8-8B4A-11D0-8D11-00A0C91BC942}") = "UE5", "Intermediate\ProjectFiles\UE5.vcxproj", "{CCED82B8-5E76-3026-BCCA-8AC5AF3BB4D4}"
EndProject
Project("{8BC9CEB8-8B4A-11D0-8D11-00A0C91BC942}") = "TheCube", "Intermediate\ProjectFiles\TheCube.vcxproj", "{F77F13B2-DF0C-3AA3-9AE0-2C51E265BC10}"
	ProjectSection(ProjectDependencies) = postProject
		{B5E1843F-0859-3C04-B9C8-F0083FCD600C} = {B5E1843F-0859-3C04-B9C8-F0083FCD600C}
	EndProjectSection
EndProject
Project("{FAE04EC0-301F-11D3-BF4B-00C04F79EFBC}") = "UnrealBuildTool", "..\..\..\UE_5.3\Engine\Source\Programs\UnrealBuildTool\UnrealBuildTool.csproj", "{B5E1843F-0859-3C04-B9C8-F0083FCD600C}"
EndProject
Project("{FAE04EC0-301F-11D3-BF4B-00C04F79EFBC}") = "AutomationTool", "..\..\..\UE_5.3\Engine\Source\Programs\AutomationTool\AutomationTool.csproj", "{4ED8320C-F386-3A2F-8D40-931CDE9F1690}"
EndProject
Project("{FAE04EC0-301F-11D3-BF4B-00C04F79EFBC}") = "Android.Automation", "..\..\..\UE_5.3\Engine\Source\Programs\AutomationTool\Android\Android.Automation.csproj", "{ED8D45BD-17DE-3F42-AA7C-FB70A3249E48}"
EndProject
Project("{FAE04EC0-301F-11D3-BF4B-00C04F79EFBC}") = "Apple.Automation", "..\..\..\UE_5.3\Engine\Source\Programs\AutomationTool\Apple\Apple.Automation.csproj", "{05E98CEA-B844-38E7-A509-D324279DDE14}"
EndProject
Project("{FAE04EC0-301F-11D3-BF4B-00C04F79EFBC}") = "AutomationUtils.Automation", "..\..\..\UE_5.3\Engine\Source\Programs\AutomationTool\AutomationUtils\AutomationUtils.Automation.csproj", "{B22D724C-78D2-37A9-B684-36538A0A1D43}"
EndProject
Project("{FAE04EC0-301F-11D3-BF4B-00C04F79EFBC}") = "BuildGraph.Automation", "..\..\..\UE_5.3\Engine\Source\Programs\AutomationTool\BuildGraph\BuildGraph.Automation.csproj", "{F2999E48-264D-357F-9375-65796450C712}"
EndProject
Project("{FAE04EC0-301F-11D3-BF4B-00C04F79EFBC}") = "CookedEditor.Automation", "..\..\..\UE_5.3\Engine\Source\Programs\AutomationTool\CookedEditor\CookedEditor.Automation.csproj", "{1BF96955-2666-3BED-8749-8CB4BBFCB025}"
EndProject
Project("{FAE04EC0-301F-11D3-BF4B-00C04F79EFBC}") = "CrowdinLocalization.Automation", "..\..\..\UE_5.3\Engine\Source\Programs\AutomationTool\CrowdinLocalization\CrowdinLocalization.Automation.csproj", "{8D2403F9-1AE8-3318-B945-19F0AE94981A}"
EndProject
Project("{FAE04EC0-301F-11D3-BF4B-00C04F79EFBC}") = "Gauntlet.Automation", "..\..\..\UE_5.3\Engine\Source\Programs\AutomationTool\Gauntlet\Gauntlet.Automation.csproj", "{37AE3BAE-00CA-394C-B436-6CB75E1D0EA9}"
EndProject
Project("{FAE04EC0-301F-11D3-BF4B-00C04F79EFBC}") = "IOS.Automation", "..\..\..\UE_5.3\Engine\Source\Programs\AutomationTool\IOS\IOS.Automation.csproj", "{B51CD3D2-D409-33F2-A7CA-450D3B24D441}"
EndProject
Project("{FAE04EC0-301F-11D3-BF4B-00C04F79EFBC}") = "Linux.Automation", "..\..\..\UE_5.3\Engine\Source\Programs\AutomationTool\Linux\Linux.Automation.csproj", "{D060560C-1E39-3027-AF53-C9C0635C8DF7}"
EndProject
Project("{FAE04EC0-301F-11D3-BF4B-00C04F79EFBC}") = "Localization.Automation", "..\..\..\UE_5.3\Engine\Source\Programs\AutomationTool\Localization\Localization.Automation.csproj", "{41EC88E1-A77F-38EC-9644-6FFCCE4B5C6B}"
EndProject
Project("{FAE04EC0-301F-11D3-BF4B-00C04F79EFBC}") = "LowLevelTests.Automation", "..\..\..\UE_5.3\Engine\Source\Programs\AutomationTool\LowLevelTests\LowLevelTests.Automation.csproj", "{29C6B0AC-42F2-39FB-9870-B9D45D87B6BB}"
EndProject
Project("{FAE04EC0-301F-11D3-BF4B-00C04F79EFBC}") = "Mac.Automation", "..\..\..\UE_5.3\Engine\Source\Programs\AutomationTool\Mac\Mac.Automation.csproj", "{7ED386C2-7153-36CC-8BD6-3B913771DA09}"
EndProject
Project("{FAE04EC0-301F-11D3-BF4B-00C04F79EFBC}") = "OneSkyLocalization.Automation", "..\..\..\UE_5.3\Engine\Source\Programs\AutomationTool\OneSkyLocalization\OneSkyLocalization.Automation.csproj", "{6E1A0C75-8D07-3D9D-914A-B61E2A941946}"
EndProject
Project("{FAE04EC0-301F-11D3-BF4B-00C04F79EFBC}") = "AutomationScripts.Automation", "..\..\..\UE_5.3\Engine\Source\Programs\AutomationTool\Scripts\AutomationScripts.Automation.csproj", "{1B3B99F3-ECB2-3FA4-9858-C1DE9FB336C2}"
EndProject
Project("{FAE04EC0-301F-11D3-BF4B-00C04F79EFBC}") = "SmartlingLocalization.Automation", "..\..\..\UE_5.3\Engine\Source\Programs\AutomationTool\SmartlingLocalization\SmartlingLocalization.Automation.csproj", "{B708C6BE-CB3D-344E-8DD8-C4D2E4F3B420}"
EndProject
Project("{FAE04EC0-301F-11D3-BF4B-00C04F79EFBC}") = "SteamDeck.Automation", "..\..\..\UE_5.3\Engine\Source\Programs\AutomationTool\SteamDeck\SteamDeck.Automation.csproj", "{B586DB52-1439-3BCA-B4E4-D17FA9D975E4}"
EndProject
Project("{FAE04EC0-301F-11D3-BF4B-00C04F79EFBC}") = "TVOS.Automation", "..\..\..\UE_5.3\Engine\Source\Programs\AutomationTool\TVOS\TVOS.Automation.csproj", "{BCBAB072-7A08-3030-B6D4-388F9EC7016B}"
EndProject
Project("{FAE04EC0-301F-11D3-BF4B-00C04F79EFBC}") = "Turnkey.Automation", "..\..\..\UE_5.3\Engine\Source\Programs\AutomationTool\Turnkey\Turnkey.Automation.csproj", "{BAB29FE8-3D8D-34A3-B4E2-1BD49DE87FFF}"
EndProject
Project("{FAE04EC0-301F-11D3-BF4B-00C04F79EFBC}") = "Win.Automation", "..\..\..\UE_5.3\Engine\Source\Programs\AutomationTool\Win\Win.Automation.csproj", "{98AA3335-6F0B-37EC-8DAF-866F12317547}"
EndProject
Project("{FAE04EC0-301F-11D3-BF4B-00C04F79EFBC}") = "XLocLocalization.Automation", "..\..\..\UE_5.3\Engine\Source\Programs\AutomationTool\XLocLocalization\XLocLocalization.Automation.csproj", "{B9E8141F-613E-36C0-A0A3-2CC65D96F67B}"
EndProject
Project("{FAE04EC0-301F-11D3-BF4B-00C04F79EFBC}") = "ScriptGeneratorUbtPlugin.ubtplugin", "..\..\..\UE_5.3\Engine\Plugins\ScriptPlugin\Source\ScriptGeneratorUbtPlugin\ScriptGeneratorUbtPlugin.ubtplugin.csproj", "{EED4120E-E4D3-3EE1-87B9-2429F3AEC694}"
EndProject
Project("{FAE04EC0-301F-11D3-BF4B-00C04F79EFBC}") = "EpicGames.AspNet", "..\..\..\UE_5.3\Engine\Source\Programs\Shared\EpicGames.AspNet\EpicGames.AspNet.csproj", "{CBC097E9-E305-37F0-ACFE-DDF952940067}"
EndProject
Project("{FAE04EC0-301F-11D3-BF4B-00C04F79EFBC}") = "EpicGames.Box", "..\..\..\UE_5.3\Engine\Source\Programs\Shared\EpicGames.Box\EpicGames.Box.csproj", "{1597F512-5E59-3FAA-A8A1-EE9C188D2D3C}"
EndProject
Project("{FAE04EC0-301F-11D3-BF4B-00C04F79EFBC}") = "EpicGames.Build", "..\..\..\UE_5.3\Engine\Source\Programs\Shared\EpicGames.Build\EpicGames.Build.csproj", "{243FD8B3-A410-32F5-B5DF-8700F0A5D4FE}"
EndProject
Project("{FAE04EC0-301F-11D3-BF4B-00C04F79EFBC}") = "EpicGames.BuildGraph", "..\..\..\UE_5.3\Engine\Source\Programs\Shared\EpicGames.BuildGraph\EpicGames.BuildGraph.csproj", "{008EE11A-C484-388A-A3D5-8B0B5EDD8DA3}"
EndProject
Project("{FAE04EC0-301F-11D3-BF4B-00C04F79EFBC}") = "EpicGames.Core", "..\..\..\UE_5.3\Engine\Source\Programs\Shared\EpicGames.Core\EpicGames.Core.csproj", "{29E33A46-2D48-32CB-BE41-65668E84F0D3}"
EndProject
Project("{FAE04EC0-301F-11D3-BF4B-00C04F79EFBC}") = "EpicGames.Horde", "..\..\..\UE_5.3\Engine\Source\Programs\Shared\EpicGames.Horde\EpicGames.Horde.csproj", "{7D356204-8E24-3683-B4E8-5BD7ED6D0CF6}"
EndProject
Project("{FAE04EC0-301F-11D3-BF4B-00C04F79EFBC}") = "EpicGames.IoHash", "..\..\..\UE_5.3\Engine\Source\Programs\Shared\EpicGames.IoHash\EpicGames.IoHash.csproj", "{AD6DEE75-CA9E-3EF3-9264-A64BE4EB4BEF}"
EndProject
Project("{FAE04EC0-301F-11D3-BF4B-00C04F79EFBC}") = "EpicGames.Jupiter", "..\..\..\UE_5.3\Engine\Source\Programs\Shared\EpicGames.Jupiter\EpicGames.Jupiter.csproj", "{5C3F6DC8-745C-3845-AEFF-4A36A07FC2BF}"
EndProject
Project("{FAE04EC0-301F-11D3-BF4B-00C04F79EFBC}") = "EpicGames.MongoDB", "..\..\..\UE_5.3\Engine\Source\Programs\Shared\EpicGames.MongoDB\EpicGames.MongoDB.csproj", "{CCDFCC54-D113-31B2-8A89-2E6D3DA17E6D}"
EndProject
Project("{FAE04EC0-301F-11D3-BF4B-00C04F79EFBC}") = "EpicGames.MsBuild", "..\..\..\UE_5.3\Engine\Source\Programs\Shared\EpicGames.MsBuild\EpicGames.MsBuild.csproj", "{75EE5A33-C11B-33E6-8C78-C59F858CF286}"
EndProject
Project("{FAE04EC0-301F-11D3-BF4B-00C04F79EFBC}") = "EpicGames.OIDC", "..\..\..\UE_5.3\Engine\Source\Programs\Shared\EpicGames.OIDC\EpicGames.OIDC.csproj", "{134D73AD-080D-383D-A96D-84E55B7C2985}"
EndProject
Project("{FAE04EC0-301F-11D3-BF4B-00C04F79EFBC}") = "EpicGames.Oodle", "..\..\..\UE_5.3\Engine\Source\Programs\Shared\EpicGames.Oodle\EpicGames.Oodle.csproj", "{71531602-023C-3E21-A141-DD0A0EB5259D}"
EndProject
Project("{FAE04EC0-301F-11D3-BF4B-00C04F79EFBC}") = "EpicGames.Perforce", "..\..\..\UE_5.3\Engine\Source\Programs\Shared\EpicGames.Perforce\EpicGames.Perforce.csproj", "{66AE3C9A-327B-321C-AA8E-436DCB42592D}"
EndProject
Project("{FAE04EC0-301F-11D3-BF4B-00C04F79EFBC}") = "EpicGames.Perforce.Fixture", "..\..\..\UE_5.3\Engine\Source\Programs\Shared\EpicGames.Perforce.Fixture\EpicGames.Perforce.Fixture.csproj", "{D896D904-5355-3252-B1AA-3ED5C082A2DA}"
EndProject
Project("{FAE04EC0-301F-11D3-BF4B-00C04F79EFBC}") = "EpicGames.Perforce.Managed", "..\..\..\UE_5.3\Engine\Source\Programs\Shared\EpicGames.Perforce.Managed\EpicGames.Perforce.Managed.csproj", "{E14B1B16-CAE4-3411-9306-918A603DB2A9}"
EndProject
Project("{FAE04EC0-301F-11D3-BF4B-00C04F79EFBC}") = "EpicGames.Redis", "..\..\..\UE_5.3\Engine\Source\Programs\Shared\EpicGames.Redis\EpicGames.Redis.csproj", "{A13AA21D-F4B5-3EF6-A896-4F9F6936F26D}"
EndProject
Project("{FAE04EC0-301F-11D3-BF4B-00C04F79EFBC}") = "EpicGames.Serialization", "..\..\..\UE_5.3\Engine\Source\Programs\Shared\EpicGames.Serialization\EpicGames.Serialization.csproj", "{F45C67D0-76A8-33CB-B55F-BCBFCD0B18B7}"
EndProject
Project("{FAE04EC0-301F-11D3-BF4B-00C04F79EFBC}") = "EpicGames.Slack", "..\..\..\UE_5.3\Engine\Source\Programs\Shared\EpicGames.Slack\EpicGames.Slack.csproj", "{CAB17433-10A2-3AFC-AD85-B91853810DD6}"
EndProject
Project("{FAE04EC0-301F-11D3-BF4B-00C04F79EFBC}") = "EpicGames.Tracing", "..\..\..\UE_5.3\Engine\Source\Programs\Shared\EpicGames.Tracing\EpicGames.Tracing.csproj", "{EA42C7F9-4D0A-3414-9584-5E2A303CED74}"
EndProject
Project("{FAE04EC0-301F-11D3-BF4B-00C04F79EFBC}") = "EpicGames.UHT", "..\..\..\UE_5.3\Engine\Source\Programs\Shared\EpicGames.UHT\EpicGames.UHT.csproj", "{655C20FE-EF17-348F-A143-011394BC97CE}"
EndProject
Project("{FAE04EC0-301F-11D3-BF4B-00C04F79EFBC}") = "MarketplaceRules", "..\..\..\UE_5.3\Engine\Intermediate\Build\BuildRulesProjects\MarketplaceRules\MarketplaceRules.csproj", "{FCBDCF1D-7707-3DFB-A79F-8586DFF3168F}"
EndProject
Project("{FAE04EC0-301F-11D3-BF4B-00C04F79EFBC}") = "UE5ProgramRules", "..\..\..\UE_5.3\Engine\Intermediate\Build\BuildRulesProjects\UE5ProgramRules\UE5ProgramRules.csproj", "{5BF7976C-735E-36A0-9044-73C467858423}"
EndProject
Project("{FAE04EC0-301F-11D3-BF4B-00C04F79EFBC}") = "UE5Rules", "..\..\..\UE_5.3\Engine\Intermediate\Build\BuildRulesProjects\UE5Rules\UE5Rules.csproj", "{6C423E63-CFDF-3A73-8F3D-2FC254E02779}"
EndProject
Project("{FAE04EC0-301F-11D3-BF4B-00C04F79EFBC}") = "TheCubeModuleRules", "Intermediate\Build\BuildRulesProjects\TheCubeModuleRules\TheCubeModuleRules.csproj", "{12A51580-F840-3B54-BB0D-1C21AF9F17A0}"
EndProject
Project("{2150E333-8FDC-42A3-9474-1A3956D46DE8}") = "Visualizers", "Visualizers", "{1CCEC849-CC72-4C59-8C36-2F7C38706D4C}"
	ProjectSection(SolutionItems) = preProject
		..\..\..\UE_5.3\Engine\Extras\VisualStudioDebugging\Unreal.natvis = ..\..\..\UE_5.3\Engine\Extras\VisualStudioDebugging\Unreal.natvis
		..\..\..\UE_5.3\Engine\Extras\VisualStudioDebugging\Unreal.natstepfilter = ..\..\..\UE_5.3\Engine\Extras\VisualStudioDebugging\Unreal.natstepfilter
	EndProjectSection
EndProject
Global
	GlobalSection(SolutionConfigurationPlatforms) = preSolution
		DebugGame Editor|Win64 = DebugGame Editor|Win64
		DebugGame|Win64 = DebugGame|Win64
		Development Editor|Win64 = Development Editor|Win64
		Development|Win64 = Development|Win64
		Shipping|Win64 = Shipping|Win64
	EndGlobalSection
	# UnrealVS Section
	GlobalSection(ddbf523f-7eb6-4887-bd51-85a714ff87eb) = preSolution
		AvailablePlatforms=Win64
	EndGlobalSection
	GlobalSection(ProjectConfigurationPlatforms) = postSolution
		{CCED82B8-5E76-3026-BCCA-8AC5AF3BB4D4}.DebugGame Editor|Win64.ActiveCfg = BuiltWithUnrealBuildTool|Win64
		{CCED82B8-5E76-3026-BCCA-8AC5AF3BB4D4}.DebugGame|Win64.ActiveCfg = BuiltWithUnrealBuildTool|Win64
		{CCED82B8-5E76-3026-BCCA-8AC5AF3BB4D4}.Development Editor|Win64.ActiveCfg = BuiltWithUnrealBuildTool|Win64
		{CCED82B8-5E76-3026-BCCA-8AC5AF3BB4D4}.Development|Win64.ActiveCfg = BuiltWithUnrealBuildTool|Win64
		{CCED82B8-5E76-3026-BCCA-8AC5AF3BB4D4}.Shipping|Win64.ActiveCfg = BuiltWithUnrealBuildTool|Win64
		{F77F13B2-DF0C-3AA3-9AE0-2C51E265BC10}.DebugGame Editor|Win64.ActiveCfg = DebugGame_Editor|x64
		{F77F13B2-DF0C-3AA3-9AE0-2C51E265BC10}.DebugGame Editor|Win64.Build.0 = DebugGame_Editor|x64
		{F77F13B2-DF0C-3AA3-9AE0-2C51E265BC10}.DebugGame|Win64.ActiveCfg = DebugGame|x64
		{F77F13B2-DF0C-3AA3-9AE0-2C51E265BC10}.DebugGame|Win64.Build.0 = DebugGame|x64
		{F77F13B2-DF0C-3AA3-9AE0-2C51E265BC10}.Development Editor|Win64.ActiveCfg = Development_Editor|x64
		{F77F13B2-DF0C-3AA3-9AE0-2C51E265BC10}.Development Editor|Win64.Build.0 = Development_Editor|x64
		{F77F13B2-DF0C-3AA3-9AE0-2C51E265BC10}.Development|Win64.ActiveCfg = Development|x64
		{F77F13B2-DF0C-3AA3-9AE0-2C51E265BC10}.Development|Win64.Build.0 = Development|x64
		{F77F13B2-DF0C-3AA3-9AE0-2C51E265BC10}.Shipping|Win64.ActiveCfg = Shipping|x64
		{F77F13B2-DF0C-3AA3-9AE0-2C51E265BC10}.Shipping|Win64.Build.0 = Shipping|x64
		{B5E1843F-0859-3C04-B9C8-F0083FCD600C}.DebugGame Editor|Win64.ActiveCfg = Development|Any CPU
		{B5E1843F-0859-3C04-B9C8-F0083FCD600C}.DebugGame Editor|Win64.Build.0 = Development|Any CPU
		{B5E1843F-0859-3C04-B9C8-F0083FCD600C}.DebugGame|Win64.ActiveCfg = Development|Any CPU
		{B5E1843F-0859-3C04-B9C8-F0083FCD600C}.DebugGame|Win64.Build.0 = Development|Any CPU
		{B5E1843F-0859-3C04-B9C8-F0083FCD600C}.Development Editor|Win64.ActiveCfg = Development|Any CPU
		{B5E1843F-0859-3C04-B9C8-F0083FCD600C}.Development Editor|Win64.Build.0 = Development|Any CPU
		{B5E1843F-0859-3C04-B9C8-F0083FCD600C}.Development|Win64.ActiveCfg = Development|Any CPU
		{B5E1843F-0859-3C04-B9C8-F0083FCD600C}.Development|Win64.Build.0 = Development|Any CPU
		{B5E1843F-0859-3C04-B9C8-F0083FCD600C}.Shipping|Win64.ActiveCfg = Development|Any CPU
		{B5E1843F-0859-3C04-B9C8-F0083FCD600C}.Shipping|Win64.Build.0 = Development|Any CPU
		{4ED8320C-F386-3A2F-8D40-931CDE9F1690}.DebugGame Editor|Win64.ActiveCfg = Development|Any CPU
		{4ED8320C-F386-3A2F-8D40-931CDE9F1690}.DebugGame Editor|Win64.Build.0 = Development|Any CPU
		{4ED8320C-F386-3A2F-8D40-931CDE9F1690}.DebugGame|Win64.ActiveCfg = Development|Any CPU
		{4ED8320C-F386-3A2F-8D40-931CDE9F1690}.DebugGame|Win64.Build.0 = Development|Any CPU
		{4ED8320C-F386-3A2F-8D40-931CDE9F1690}.Development Editor|Win64.ActiveCfg = Development|Any CPU
		{4ED8320C-F386-3A2F-8D40-931CDE9F1690}.Development Editor|Win64.Build.0 = Development|Any CPU
		{4ED8320C-F386-3A2F-8D40-931CDE9F1690}.Development|Win64.ActiveCfg = Development|Any CPU
		{4ED8320C-F386-3A2F-8D40-931CDE9F1690}.Development|Win64.Build.0 = Development|Any CPU
		{4ED8320C-F386-3A2F-8D40-931CDE9F1690}.Shipping|Win64.ActiveCfg = Development|Any CPU
		{4ED8320C-F386-3A2F-8D40-931CDE9F1690}.Shipping|Win64.Build.0 = Development|Any CPU
		{ED8D45BD-17DE-3F42-AA7C-FB70A3249E48}.DebugGame Editor|Win64.ActiveCfg = Development|Any CPU
		{ED8D45BD-17DE-3F42-AA7C-FB70A3249E48}.DebugGame Editor|Win64.Build.0 = Development|Any CPU
		{ED8D45BD-17DE-3F42-AA7C-FB70A3249E48}.DebugGame|Win64.ActiveCfg = Development|Any CPU
		{ED8D45BD-17DE-3F42-AA7C-FB70A3249E48}.DebugGame|Win64.Build.0 = Development|Any CPU
		{ED8D45BD-17DE-3F42-AA7C-FB70A3249E48}.Development Editor|Win64.ActiveCfg = Development|Any CPU
		{ED8D45BD-17DE-3F42-AA7C-FB70A3249E48}.Development Editor|Win64.Build.0 = Development|Any CPU
		{ED8D45BD-17DE-3F42-AA7C-FB70A3249E48}.Development|Win64.ActiveCfg = Development|Any CPU
		{ED8D45BD-17DE-3F42-AA7C-FB70A3249E48}.Development|Win64.Build.0 = Development|Any CPU
		{ED8D45BD-17DE-3F42-AA7C-FB70A3249E48}.Shipping|Win64.ActiveCfg = Development|Any CPU
		{ED8D45BD-17DE-3F42-AA7C-FB70A3249E48}.Shipping|Win64.Build.0 = Development|Any CPU
		{05E98CEA-B844-38E7-A509-D324279DDE14}.DebugGame Editor|Win64.ActiveCfg = Development|Any CPU
		{05E98CEA-B844-38E7-A509-D324279DDE14}.DebugGame Editor|Win64.Build.0 = Development|Any CPU
		{05E98CEA-B844-38E7-A509-D324279DDE14}.DebugGame|Win64.ActiveCfg = Development|Any CPU
		{05E98CEA-B844-38E7-A509-D324279DDE14}.DebugGame|Win64.Build.0 = Development|Any CPU
		{05E98CEA-B844-38E7-A509-D324279DDE14}.Development Editor|Win64.ActiveCfg = Development|Any CPU
		{05E98CEA-B844-38E7-A509-D324279DDE14}.Development Editor|Win64.Build.0 = Development|Any CPU
		{05E98CEA-B844-38E7-A509-D324279DDE14}.Development|Win64.ActiveCfg = Development|Any CPU
		{05E98CEA-B844-38E7-A509-D324279DDE14}.Development|Win64.Build.0 = Development|Any CPU
		{05E98CEA-B844-38E7-A509-D324279DDE14}.Shipping|Win64.ActiveCfg = Development|Any CPU
		{05E98CEA-B844-38E7-A509-D324279DDE14}.Shipping|Win64.Build.0 = Development|Any CPU
		{B22D724C-78D2-37A9-B684-36538A0A1D43}.DebugGame Editor|Win64.ActiveCfg = Development|Any CPU
		{B22D724C-78D2-37A9-B684-36538A0A1D43}.DebugGame Editor|Win64.Build.0 = Development|Any CPU
		{B22D724C-78D2-37A9-B684-36538A0A1D43}.DebugGame|Win64.ActiveCfg = Development|Any CPU
		{B22D724C-78D2-37A9-B684-36538A0A1D43}.DebugGame|Win64.Build.0 = Development|Any CPU
		{B22D724C-78D2-37A9-B684-36538A0A1D43}.Development Editor|Win64.ActiveCfg = Development|Any CPU
		{B22D724C-78D2-37A9-B684-36538A0A1D43}.Development Editor|Win64.Build.0 = Development|Any CPU
		{B22D724C-78D2-37A9-B684-36538A0A1D43}.Development|Win64.ActiveCfg = Development|Any CPU
		{B22D724C-78D2-37A9-B684-36538A0A1D43}.Development|Win64.Build.0 = Development|Any CPU
		{B22D724C-78D2-37A9-B684-36538A0A1D43}.Shipping|Win64.ActiveCfg = Development|Any CPU
		{B22D724C-78D2-37A9-B684-36538A0A1D43}.Shipping|Win64.Build.0 = Development|Any CPU
		{F2999E48-264D-357F-9375-65796450C712}.DebugGame Editor|Win64.ActiveCfg = Development|Any CPU
		{F2999E48-264D-357F-9375-65796450C712}.DebugGame Editor|Win64.Build.0 = Development|Any CPU
		{F2999E48-264D-357F-9375-65796450C712}.DebugGame|Win64.ActiveCfg = Development|Any CPU
		{F2999E48-264D-357F-9375-65796450C712}.DebugGame|Win64.Build.0 = Development|Any CPU
		{F2999E48-264D-357F-9375-65796450C712}.Development Editor|Win64.ActiveCfg = Development|Any CPU
		{F2999E48-264D-357F-9375-65796450C712}.Development Editor|Win64.Build.0 = Development|Any CPU
		{F2999E48-264D-357F-9375-65796450C712}.Development|Win64.ActiveCfg = Development|Any CPU
		{F2999E48-264D-357F-9375-65796450C712}.Development|Win64.Build.0 = Development|Any CPU
		{F2999E48-264D-357F-9375-65796450C712}.Shipping|Win64.ActiveCfg = Development|Any CPU
		{F2999E48-264D-357F-9375-65796450C712}.Shipping|Win64.Build.0 = Development|Any CPU
		{1BF96955-2666-3BED-8749-8CB4BBFCB025}.DebugGame Editor|Win64.ActiveCfg = Development|Any CPU
		{1BF96955-2666-3BED-8749-8CB4BBFCB025}.DebugGame Editor|Win64.Build.0 = Development|Any CPU
		{1BF96955-2666-3BED-8749-8CB4BBFCB025}.DebugGame|Win64.ActiveCfg = Development|Any CPU
		{1BF96955-2666-3BED-8749-8CB4BBFCB025}.DebugGame|Win64.Build.0 = Development|Any CPU
		{1BF96955-2666-3BED-8749-8CB4BBFCB025}.Development Editor|Win64.ActiveCfg = Development|Any CPU
		{1BF96955-2666-3BED-8749-8CB4BBFCB025}.Development Editor|Win64.Build.0 = Development|Any CPU
		{1BF96955-2666-3BED-8749-8CB4BBFCB025}.Development|Win64.ActiveCfg = Development|Any CPU
		{1BF96955-2666-3BED-8749-8CB4BBFCB025}.Development|Win64.Build.0 = Development|Any CPU
		{1BF96955-2666-3BED-8749-8CB4BBFCB025}.Shipping|Win64.ActiveCfg = Development|Any CPU
		{1BF96955-2666-3BED-8749-8CB4BBFCB025}.Shipping|Win64.Build.0 = Development|Any CPU
		{8D2403F9-1AE8-3318-B945-19F0AE94981A}.DebugGame Editor|Win64.ActiveCfg = Development|Any CPU
		{8D2403F9-1AE8-3318-B945-19F0AE94981A}.DebugGame Editor|Win64.Build.0 = Development|Any CPU
		{8D2403F9-1AE8-3318-B945-19F0AE94981A}.DebugGame|Win64.ActiveCfg = Development|Any CPU
		{8D2403F9-1AE8-3318-B945-19F0AE94981A}.DebugGame|Win64.Build.0 = Development|Any CPU
		{8D2403F9-1AE8-3318-B945-19F0AE94981A}.Development Editor|Win64.ActiveCfg = Development|Any CPU
		{8D2403F9-1AE8-3318-B945-19F0AE94981A}.Development Editor|Win64.Build.0 = Development|Any CPU
		{8D2403F9-1AE8-3318-B945-19F0AE94981A}.Development|Win64.ActiveCfg = Development|Any CPU
		{8D2403F9-1AE8-3318-B945-19F0AE94981A}.Development|Win64.Build.0 = Development|Any CPU
		{8D2403F9-1AE8-3318-B945-19F0AE94981A}.Shipping|Win64.ActiveCfg = Development|Any CPU
		{8D2403F9-1AE8-3318-B945-19F0AE94981A}.Shipping|Win64.Build.0 = Development|Any CPU
		{37AE3BAE-00CA-394C-B436-6CB75E1D0EA9}.DebugGame Editor|Win64.ActiveCfg = Development|Any CPU
		{37AE3BAE-00CA-394C-B436-6CB75E1D0EA9}.DebugGame Editor|Win64.Build.0 = Development|Any CPU
		{37AE3BAE-00CA-394C-B436-6CB75E1D0EA9}.DebugGame|Win64.ActiveCfg = Development|Any CPU
		{37AE3BAE-00CA-394C-B436-6CB75E1D0EA9}.DebugGame|Win64.Build.0 = Development|Any CPU
		{37AE3BAE-00CA-394C-B436-6CB75E1D0EA9}.Development Editor|Win64.ActiveCfg = Development|Any CPU
		{37AE3BAE-00CA-394C-B436-6CB75E1D0EA9}.Development Editor|Win64.Build.0 = Development|Any CPU
		{37AE3BAE-00CA-394C-B436-6CB75E1D0EA9}.Development|Win64.ActiveCfg = Development|Any CPU
		{37AE3BAE-00CA-394C-B436-6CB75E1D0EA9}.Development|Win64.Build.0 = Development|Any CPU
		{37AE3BAE-00CA-394C-B436-6CB75E1D0EA9}.Shipping|Win64.ActiveCfg = Development|Any CPU
		{37AE3BAE-00CA-394C-B436-6CB75E1D0EA9}.Shipping|Win64.Build.0 = Development|Any CPU
		{B51CD3D2-D409-33F2-A7CA-450D3B24D441}.DebugGame Editor|Win64.ActiveCfg = Development|Any CPU
		{B51CD3D2-D409-33F2-A7CA-450D3B24D441}.DebugGame Editor|Win64.Build.0 = Development|Any CPU
		{B51CD3D2-D409-33F2-A7CA-450D3B24D441}.DebugGame|Win64.ActiveCfg = Development|Any CPU
		{B51CD3D2-D409-33F2-A7CA-450D3B24D441}.DebugGame|Win64.Build.0 = Development|Any CPU
		{B51CD3D2-D409-33F2-A7CA-450D3B24D441}.Development Editor|Win64.ActiveCfg = Development|Any CPU
		{B51CD3D2-D409-33F2-A7CA-450D3B24D441}.Development Editor|Win64.Build.0 = Development|Any CPU
		{B51CD3D2-D409-33F2-A7CA-450D3B24D441}.Development|Win64.ActiveCfg = Development|Any CPU
		{B51CD3D2-D409-33F2-A7CA-450D3B24D441}.Development|Win64.Build.0 = Development|Any CPU
		{B51CD3D2-D409-33F2-A7CA-450D3B24D441}.Shipping|Win64.ActiveCfg = Development|Any CPU
		{B51CD3D2-D409-33F2-A7CA-450D3B24D441}.Shipping|Win64.Build.0 = Development|Any CPU
		{D060560C-1E39-3027-AF53-C9C0635C8DF7}.DebugGame Editor|Win64.ActiveCfg = Development|Any CPU
		{D060560C-1E39-3027-AF53-C9C0635C8DF7}.DebugGame Editor|Win64.Build.0 = Development|Any CPU
		{D060560C-1E39-3027-AF53-C9C0635C8DF7}.DebugGame|Win64.ActiveCfg = Development|Any CPU
		{D060560C-1E39-3027-AF53-C9C0635C8DF7}.DebugGame|Win64.Build.0 = Development|Any CPU
		{D060560C-1E39-3027-AF53-C9C0635C8DF7}.Development Editor|Win64.ActiveCfg = Development|Any CPU
		{D060560C-1E39-3027-AF53-C9C0635C8DF7}.Development Editor|Win64.Build.0 = Development|Any CPU
		{D060560C-1E39-3027-AF53-C9C0635C8DF7}.Development|Win64.ActiveCfg = Development|Any CPU
		{D060560C-1E39-3027-AF53-C9C0635C8DF7}.Development|Win64.Build.0 = Development|Any CPU
		{D060560C-1E39-3027-AF53-C9C0635C8DF7}.Shipping|Win64.ActiveCfg = Development|Any CPU
		{D060560C-1E39-3027-AF53-C9C0635C8DF7}.Shipping|Win64.Build.0 = Development|Any CPU
		{41EC88E1-A77F-38EC-9644-6FFCCE4B5C6B}.DebugGame Editor|Win64.ActiveCfg = Development|Any CPU
		{41EC88E1-A77F-38EC-9644-6FFCCE4B5C6B}.DebugGame Editor|Win64.Build.0 = Development|Any CPU
		{41EC88E1-A77F-38EC-9644-6FFCCE4B5C6B}.DebugGame|Win64.ActiveCfg = Development|Any CPU
		{41EC88E1-A77F-38EC-9644-6FFCCE4B5C6B}.DebugGame|Win64.Build.0 = Development|Any CPU
		{41EC88E1-A77F-38EC-9644-6FFCCE4B5C6B}.Development Editor|Win64.ActiveCfg = Development|Any CPU
		{41EC88E1-A77F-38EC-9644-6FFCCE4B5C6B}.Development Editor|Win64.Build.0 = Development|Any CPU
		{41EC88E1-A77F-38EC-9644-6FFCCE4B5C6B}.Development|Win64.ActiveCfg = Development|Any CPU
		{41EC88E1-A77F-38EC-9644-6FFCCE4B5C6B}.Development|Win64.Build.0 = Development|Any CPU
		{41EC88E1-A77F-38EC-9644-6FFCCE4B5C6B}.Shipping|Win64.ActiveCfg = Development|Any CPU
		{41EC88E1-A77F-38EC-9644-6FFCCE4B5C6B}.Shipping|Win64.Build.0 = Development|Any CPU
		{29C6B0AC-42F2-39FB-9870-B9D45D87B6BB}.DebugGame Editor|Win64.ActiveCfg = Development|Any CPU
		{29C6B0AC-42F2-39FB-9870-B9D45D87B6BB}.DebugGame Editor|Win64.Build.0 = Development|Any CPU
		{29C6B0AC-42F2-39FB-9870-B9D45D87B6BB}.DebugGame|Win64.ActiveCfg = Development|Any CPU
		{29C6B0AC-42F2-39FB-9870-B9D45D87B6BB}.DebugGame|Win64.Build.0 = Development|Any CPU
		{29C6B0AC-42F2-39FB-9870-B9D45D87B6BB}.Development Editor|Win64.ActiveCfg = Development|Any CPU
		{29C6B0AC-42F2-39FB-9870-B9D45D87B6BB}.Development Editor|Win64.Build.0 = Development|Any CPU
		{29C6B0AC-42F2-39FB-9870-B9D45D87B6BB}.Development|Win64.ActiveCfg = Development|Any CPU
		{29C6B0AC-42F2-39FB-9870-B9D45D87B6BB}.Development|Win64.Build.0 = Development|Any CPU
		{29C6B0AC-42F2-39FB-9870-B9D45D87B6BB}.Shipping|Win64.ActiveCfg = Development|Any CPU
		{29C6B0AC-42F2-39FB-9870-B9D45D87B6BB}.Shipping|Win64.Build.0 = Development|Any CPU
		{7ED386C2-7153-36CC-8BD6-3B913771DA09}.DebugGame Editor|Win64.ActiveCfg = Development|Any CPU
		{7ED386C2-7153-36CC-8BD6-3B913771DA09}.DebugGame Editor|Win64.Build.0 = Development|Any CPU
		{7ED386C2-7153-36CC-8BD6-3B913771DA09}.DebugGame|Win64.ActiveCfg = Development|Any CPU
		{7ED386C2-7153-36CC-8BD6-3B913771DA09}.DebugGame|Win64.Build.0 = Development|Any CPU
		{7ED386C2-7153-36CC-8BD6-3B913771DA09}.Development Editor|Win64.ActiveCfg = Development|Any CPU
		{7ED386C2-7153-36CC-8BD6-3B913771DA09}.Development Editor|Win64.Build.0 = Development|Any CPU
		{7ED386C2-7153-36CC-8BD6-3B913771DA09}.Development|Win64.ActiveCfg = Development|Any CPU
		{7ED386C2-7153-36CC-8BD6-3B913771DA09}.Development|Win64.Build.0 = Development|Any CPU
		{7ED386C2-7153-36CC-8BD6-3B913771DA09}.Shipping|Win64.ActiveCfg = Development|Any CPU
		{7ED386C2-7153-36CC-8BD6-3B913771DA09}.Shipping|Win64.Build.0 = Development|Any CPU
		{6E1A0C75-8D07-3D9D-914A-B61E2A941946}.DebugGame Editor|Win64.ActiveCfg = Development|Any CPU
		{6E1A0C75-8D07-3D9D-914A-B61E2A941946}.DebugGame Editor|Win64.Build.0 = Development|Any CPU
		{6E1A0C75-8D07-3D9D-914A-B61E2A941946}.DebugGame|Win64.ActiveCfg = Development|Any CPU
		{6E1A0C75-8D07-3D9D-914A-B61E2A941946}.DebugGame|Win64.Build.0 = Development|Any CPU
		{6E1A0C75-8D07-3D9D-914A-B61E2A941946}.Development Editor|Win64.ActiveCfg = Development|Any CPU
		{6E1A0C75-8D07-3D9D-914A-B61E2A941946}.Development Editor|Win64.Build.0 = Development|Any CPU
		{6E1A0C75-8D07-3D9D-914A-B61E2A941946}.Development|Win64.ActiveCfg = Development|Any CPU
		{6E1A0C75-8D07-3D9D-914A-B61E2A941946}.Development|Win64.Build.0 = Development|Any CPU
		{6E1A0C75-8D07-3D9D-914A-B61E2A941946}.Shipping|Win64.ActiveCfg = Development|Any CPU
		{6E1A0C75-8D07-3D9D-914A-B61E2A941946}.Shipping|Win64.Build.0 = Development|Any CPU
		{1B3B99F3-ECB2-3FA4-9858-C1DE9FB336C2}.DebugGame Editor|Win64.ActiveCfg = Development|Any CPU
		{1B3B99F3-ECB2-3FA4-9858-C1DE9FB336C2}.DebugGame Editor|Win64.Build.0 = Development|Any CPU
		{1B3B99F3-ECB2-3FA4-9858-C1DE9FB336C2}.DebugGame|Win64.ActiveCfg = Development|Any CPU
		{1B3B99F3-ECB2-3FA4-9858-C1DE9FB336C2}.DebugGame|Win64.Build.0 = Development|Any CPU
		{1B3B99F3-ECB2-3FA4-9858-C1DE9FB336C2}.Development Editor|Win64.ActiveCfg = Development|Any CPU
		{1B3B99F3-ECB2-3FA4-9858-C1DE9FB336C2}.Development Editor|Win64.Build.0 = Development|Any CPU
		{1B3B99F3-ECB2-3FA4-9858-C1DE9FB336C2}.Development|Win64.ActiveCfg = Development|Any CPU
		{1B3B99F3-ECB2-3FA4-9858-C1DE9FB336C2}.Development|Win64.Build.0 = Development|Any CPU
		{1B3B99F3-ECB2-3FA4-9858-C1DE9FB336C2}.Shipping|Win64.ActiveCfg = Development|Any CPU
		{1B3B99F3-ECB2-3FA4-9858-C1DE9FB336C2}.Shipping|Win64.Build.0 = Development|Any CPU
		{B708C6BE-CB3D-344E-8DD8-C4D2E4F3B420}.DebugGame Editor|Win64.ActiveCfg = Development|Any CPU
		{B708C6BE-CB3D-344E-8DD8-C4D2E4F3B420}.DebugGame Editor|Win64.Build.0 = Development|Any CPU
		{B708C6BE-CB3D-344E-8DD8-C4D2E4F3B420}.DebugGame|Win64.ActiveCfg = Development|Any CPU
		{B708C6BE-CB3D-344E-8DD8-C4D2E4F3B420}.DebugGame|Win64.Build.0 = Development|Any CPU
		{B708C6BE-CB3D-344E-8DD8-C4D2E4F3B420}.Development Editor|Win64.ActiveCfg = Development|Any CPU
		{B708C6BE-CB3D-344E-8DD8-C4D2E4F3B420}.Development Editor|Win64.Build.0 = Development|Any CPU
		{B708C6BE-CB3D-344E-8DD8-C4D2E4F3B420}.Development|Win64.ActiveCfg = Development|Any CPU
		{B708C6BE-CB3D-344E-8DD8-C4D2E4F3B420}.Development|Win64.Build.0 = Development|Any CPU
		{B708C6BE-CB3D-344E-8DD8-C4D2E4F3B420}.Shipping|Win64.ActiveCfg = Development|Any CPU
		{B708C6BE-CB3D-344E-8DD8-C4D2E4F3B420}.Shipping|Win64.Build.0 = Development|Any CPU
		{B586DB52-1439-3BCA-B4E4-D17FA9D975E4}.DebugGame Editor|Win64.ActiveCfg = Development|Any CPU
		{B586DB52-1439-3BCA-B4E4-D17FA9D975E4}.DebugGame Editor|Win64.Build.0 = Development|Any CPU
		{B586DB52-1439-3BCA-B4E4-D17FA9D975E4}.DebugGame|Win64.ActiveCfg = Development|Any CPU
		{B586DB52-1439-3BCA-B4E4-D17FA9D975E4}.DebugGame|Win64.Build.0 = Development|Any CPU
		{B586DB52-1439-3BCA-B4E4-D17FA9D975E4}.Development Editor|Win64.ActiveCfg = Development|Any CPU
		{B586DB52-1439-3BCA-B4E4-D17FA9D975E4}.Development Editor|Win64.Build.0 = Development|Any CPU
		{B586DB52-1439-3BCA-B4E4-D17FA9D975E4}.Development|Win64.ActiveCfg = Development|Any CPU
		{B586DB52-1439-3BCA-B4E4-D17FA9D975E4}.Development|Win64.Build.0 = Development|Any CPU
		{B586DB52-1439-3BCA-B4E4-D17FA9D975E4}.Shipping|Win64.ActiveCfg = Development|Any CPU
		{B586DB52-1439-3BCA-B4E4-D17FA9D975E4}.Shipping|Win64.Build.0 = Development|Any CPU
		{BCBAB072-7A08-3030-B6D4-388F9EC7016B}.DebugGame Editor|Win64.ActiveCfg = Development|Any CPU
		{BCBAB072-7A08-3030-B6D4-388F9EC7016B}.DebugGame Editor|Win64.Build.0 = Development|Any CPU
		{BCBAB072-7A08-3030-B6D4-388F9EC7016B}.DebugGame|Win64.ActiveCfg = Development|Any CPU
		{BCBAB072-7A08-3030-B6D4-388F9EC7016B}.DebugGame|Win64.Build.0 = Development|Any CPU
		{BCBAB072-7A08-3030-B6D4-388F9EC7016B}.Development Editor|Win64.ActiveCfg = Development|Any CPU
		{BCBAB072-7A08-3030-B6D4-388F9EC7016B}.Development Editor|Win64.Build.0 = Development|Any CPU
		{BCBAB072-7A08-3030-B6D4-388F9EC7016B}.Development|Win64.ActiveCfg = Development|Any CPU
		{BCBAB072-7A08-3030-B6D4-388F9EC7016B}.Development|Win64.Build.0 = Development|Any CPU
		{BCBAB072-7A08-3030-B6D4-388F9EC7016B}.Shipping|Win64.ActiveCfg = Development|Any CPU
		{BCBAB072-7A08-3030-B6D4-388F9EC7016B}.Shipping|Win64.Build.0 = Development|Any CPU
		{BAB29FE8-3D8D-34A3-B4E2-1BD49DE87FFF}.DebugGame Editor|Win64.ActiveCfg = Development|Any CPU
		{BAB29FE8-3D8D-34A3-B4E2-1BD49DE87FFF}.DebugGame Editor|Win64.Build.0 = Development|Any CPU
		{BAB29FE8-3D8D-34A3-B4E2-1BD49DE87FFF}.DebugGame|Win64.ActiveCfg = Development|Any CPU
		{BAB29FE8-3D8D-34A3-B4E2-1BD49DE87FFF}.DebugGame|Win64.Build.0 = Development|Any CPU
		{BAB29FE8-3D8D-34A3-B4E2-1BD49DE87FFF}.Development Editor|Win64.ActiveCfg = Development|Any CPU
		{BAB29FE8-3D8D-34A3-B4E2-1BD49DE87FFF}.Development Editor|Win64.Build.0 = Development|Any CPU
		{BAB29FE8-3D8D-34A3-B4E2-1BD49DE87FFF}.Development|Win64.ActiveCfg = Development|Any CPU
		{BAB29FE8-3D8D-34A3-B4E2-1BD49DE87FFF}.Development|Win64.Build.0 = Development|Any CPU
		{BAB29FE8-3D8D-34A3-B4E2-1BD49DE87FFF}.Shipping|Win64.ActiveCfg = Development|Any CPU
		{BAB29FE8-3D8D-34A3-B4E2-1BD49DE87FFF}.Shipping|Win64.Build.0 = Development|Any CPU
		{98AA3335-6F0B-37EC-8DAF-866F12317547}.DebugGame Editor|Win64.ActiveCfg = Development|Any CPU
		{98AA3335-6F0B-37EC-8DAF-866F12317547}.DebugGame Editor|Win64.Build.0 = Development|Any CPU
		{98AA3335-6F0B-37EC-8DAF-866F12317547}.DebugGame|Win64.ActiveCfg = Development|Any CPU
		{98AA3335-6F0B-37EC-8DAF-866F12317547}.DebugGame|Win64.Build.0 = Development|Any CPU
		{98AA3335-6F0B-37EC-8DAF-866F12317547}.Development Editor|Win64.ActiveCfg = Development|Any CPU
		{98AA3335-6F0B-37EC-8DAF-866F12317547}.Development Editor|Win64.Build.0 = Development|Any CPU
		{98AA3335-6F0B-37EC-8DAF-866F12317547}.Development|Win64.ActiveCfg = Development|Any CPU
		{98AA3335-6F0B-37EC-8DAF-866F12317547}.Development|Win64.Build.0 = Development|Any CPU
		{98AA3335-6F0B-37EC-8DAF-866F12317547}.Shipping|Win64.ActiveCfg = Development|Any CPU
		{98AA3335-6F0B-37EC-8DAF-866F12317547}.Shipping|Win64.Build.0 = Development|Any CPU
		{B9E8141F-613E-36C0-A0A3-2CC65D96F67B}.DebugGame Editor|Win64.ActiveCfg = Development|Any CPU
		{B9E8141F-613E-36C0-A0A3-2CC65D96F67B}.DebugGame Editor|Win64.Build.0 = Development|Any CPU
		{B9E8141F-613E-36C0-A0A3-2CC65D96F67B}.DebugGame|Win64.ActiveCfg = Development|Any CPU
		{B9E8141F-613E-36C0-A0A3-2CC65D96F67B}.DebugGame|Win64.Build.0 = Development|Any CPU
		{B9E8141F-613E-36C0-A0A3-2CC65D96F67B}.Development Editor|Win64.ActiveCfg = Development|Any CPU
		{B9E8141F-613E-36C0-A0A3-2CC65D96F67B}.Development Editor|Win64.Build.0 = Development|Any CPU
		{B9E8141F-613E-36C0-A0A3-2CC65D96F67B}.Development|Win64.ActiveCfg = Development|Any CPU
		{B9E8141F-613E-36C0-A0A3-2CC65D96F67B}.Development|Win64.Build.0 = Development|Any CPU
		{B9E8141F-613E-36C0-A0A3-2CC65D96F67B}.Shipping|Win64.ActiveCfg = Development|Any CPU
		{B9E8141F-613E-36C0-A0A3-2CC65D96F67B}.Shipping|Win64.Build.0 = Development|Any CPU
		{EED4120E-E4D3-3EE1-87B9-2429F3AEC694}.DebugGame Editor|Win64.ActiveCfg = Development|Any CPU
		{EED4120E-E4D3-3EE1-87B9-2429F3AEC694}.DebugGame Editor|Win64.Build.0 = Development|Any CPU
		{EED4120E-E4D3-3EE1-87B9-2429F3AEC694}.DebugGame|Win64.ActiveCfg = Development|Any CPU
		{EED4120E-E4D3-3EE1-87B9-2429F3AEC694}.DebugGame|Win64.Build.0 = Development|Any CPU
		{EED4120E-E4D3-3EE1-87B9-2429F3AEC694}.Development Editor|Win64.ActiveCfg = Development|Any CPU
		{EED4120E-E4D3-3EE1-87B9-2429F3AEC694}.Development Editor|Win64.Build.0 = Development|Any CPU
		{EED4120E-E4D3-3EE1-87B9-2429F3AEC694}.Development|Win64.ActiveCfg = Development|Any CPU
		{EED4120E-E4D3-3EE1-87B9-2429F3AEC694}.Development|Win64.Build.0 = Development|Any CPU
		{EED4120E-E4D3-3EE1-87B9-2429F3AEC694}.Shipping|Win64.ActiveCfg = Development|Any CPU
		{EED4120E-E4D3-3EE1-87B9-2429F3AEC694}.Shipping|Win64.Build.0 = Development|Any CPU
		{CBC097E9-E305-37F0-ACFE-DDF952940067}.DebugGame Editor|Win64.ActiveCfg = Development|Any CPU
		{CBC097E9-E305-37F0-ACFE-DDF952940067}.DebugGame Editor|Win64.Build.0 = Development|Any CPU
		{CBC097E9-E305-37F0-ACFE-DDF952940067}.DebugGame|Win64.ActiveCfg = Development|Any CPU
		{CBC097E9-E305-37F0-ACFE-DDF952940067}.DebugGame|Win64.Build.0 = Development|Any CPU
		{CBC097E9-E305-37F0-ACFE-DDF952940067}.Development Editor|Win64.ActiveCfg = Development|Any CPU
		{CBC097E9-E305-37F0-ACFE-DDF952940067}.Development Editor|Win64.Build.0 = Development|Any CPU
		{CBC097E9-E305-37F0-ACFE-DDF952940067}.Development|Win64.ActiveCfg = Development|Any CPU
		{CBC097E9-E305-37F0-ACFE-DDF952940067}.Development|Win64.Build.0 = Development|Any CPU
		{CBC097E9-E305-37F0-ACFE-DDF952940067}.Shipping|Win64.ActiveCfg = Development|Any CPU
		{CBC097E9-E305-37F0-ACFE-DDF952940067}.Shipping|Win64.Build.0 = Development|Any CPU
		{1597F512-5E59-3FAA-A8A1-EE9C188D2D3C}.DebugGame Editor|Win64.ActiveCfg = Development|Any CPU
		{1597F512-5E59-3FAA-A8A1-EE9C188D2D3C}.DebugGame Editor|Win64.Build.0 = Development|Any CPU
		{1597F512-5E59-3FAA-A8A1-EE9C188D2D3C}.DebugGame|Win64.ActiveCfg = Development|Any CPU
		{1597F512-5E59-3FAA-A8A1-EE9C188D2D3C}.DebugGame|Win64.Build.0 = Development|Any CPU
		{1597F512-5E59-3FAA-A8A1-EE9C188D2D3C}.Development Editor|Win64.ActiveCfg = Development|Any CPU
		{1597F512-5E59-3FAA-A8A1-EE9C188D2D3C}.Development Editor|Win64.Build.0 = Development|Any CPU
		{1597F512-5E59-3FAA-A8A1-EE9C188D2D3C}.Development|Win64.ActiveCfg = Development|Any CPU
		{1597F512-5E59-3FAA-A8A1-EE9C188D2D3C}.Development|Win64.Build.0 = Development|Any CPU
		{1597F512-5E59-3FAA-A8A1-EE9C188D2D3C}.Shipping|Win64.ActiveCfg = Development|Any CPU
		{1597F512-5E59-3FAA-A8A1-EE9C188D2D3C}.Shipping|Win64.Build.0 = Development|Any CPU
		{243FD8B3-A410-32F5-B5DF-8700F0A5D4FE}.DebugGame Editor|Win64.ActiveCfg = Development|Any CPU
		{243FD8B3-A410-32F5-B5DF-8700F0A5D4FE}.DebugGame Editor|Win64.Build.0 = Development|Any CPU
		{243FD8B3-A410-32F5-B5DF-8700F0A5D4FE}.DebugGame|Win64.ActiveCfg = Development|Any CPU
		{243FD8B3-A410-32F5-B5DF-8700F0A5D4FE}.DebugGame|Win64.Build.0 = Development|Any CPU
		{243FD8B3-A410-32F5-B5DF-8700F0A5D4FE}.Development Editor|Win64.ActiveCfg = Development|Any CPU
		{243FD8B3-A410-32F5-B5DF-8700F0A5D4FE}.Development Editor|Win64.Build.0 = Development|Any CPU
		{243FD8B3-A410-32F5-B5DF-8700F0A5D4FE}.Development|Win64.ActiveCfg = Development|Any CPU
		{243FD8B3-A410-32F5-B5DF-8700F0A5D4FE}.Development|Win64.Build.0 = Development|Any CPU
		{243FD8B3-A410-32F5-B5DF-8700F0A5D4FE}.Shipping|Win64.ActiveCfg = Development|Any CPU
		{243FD8B3-A410-32F5-B5DF-8700F0A5D4FE}.Shipping|Win64.Build.0 = Development|Any CPU
		{008EE11A-C484-388A-A3D5-8B0B5EDD8DA3}.DebugGame Editor|Win64.ActiveCfg = Development|Any CPU
		{008EE11A-C484-388A-A3D5-8B0B5EDD8DA3}.DebugGame Editor|Win64.Build.0 = Development|Any CPU
		{008EE11A-C484-388A-A3D5-8B0B5EDD8DA3}.DebugGame|Win64.ActiveCfg = Development|Any CPU
		{008EE11A-C484-388A-A3D5-8B0B5EDD8DA3}.DebugGame|Win64.Build.0 = Development|Any CPU
		{008EE11A-C484-388A-A3D5-8B0B5EDD8DA3}.Development Editor|Win64.ActiveCfg = Development|Any CPU
		{008EE11A-C484-388A-A3D5-8B0B5EDD8DA3}.Development Editor|Win64.Build.0 = Development|Any CPU
		{008EE11A-C484-388A-A3D5-8B0B5EDD8DA3}.Development|Win64.ActiveCfg = Development|Any CPU
		{008EE11A-C484-388A-A3D5-8B0B5EDD8DA3}.Development|Win64.Build.0 = Development|Any CPU
		{008EE11A-C484-388A-A3D5-8B0B5EDD8DA3}.Shipping|Win64.ActiveCfg = Development|Any CPU
		{008EE11A-C484-388A-A3D5-8B0B5EDD8DA3}.Shipping|Win64.Build.0 = Development|Any CPU
		{29E33A46-2D48-32CB-BE41-65668E84F0D3}.DebugGame Editor|Win64.ActiveCfg = Development|Any CPU
		{29E33A46-2D48-32CB-BE41-65668E84F0D3}.DebugGame Editor|Win64.Build.0 = Development|Any CPU
		{29E33A46-2D48-32CB-BE41-65668E84F0D3}.DebugGame|Win64.ActiveCfg = Development|Any CPU
		{29E33A46-2D48-32CB-BE41-65668E84F0D3}.DebugGame|Win64.Build.0 = Development|Any CPU
		{29E33A46-2D48-32CB-BE41-65668E84F0D3}.Development Editor|Win64.ActiveCfg = Development|Any CPU
		{29E33A46-2D48-32CB-BE41-65668E84F0D3}.Development Editor|Win64.Build.0 = Development|Any CPU
		{29E33A46-2D48-32CB-BE41-65668E84F0D3}.Development|Win64.ActiveCfg = Development|Any CPU
		{29E33A46-2D48-32CB-BE41-65668E84F0D3}.Development|Win64.Build.0 = Development|Any CPU
		{29E33A46-2D48-32CB-BE41-65668E84F0D3}.Shipping|Win64.ActiveCfg = Development|Any CPU
		{29E33A46-2D48-32CB-BE41-65668E84F0D3}.Shipping|Win64.Build.0 = Development|Any CPU
		{7D356204-8E24-3683-B4E8-5BD7ED6D0CF6}.DebugGame Editor|Win64.ActiveCfg = Development|Any CPU
		{7D356204-8E24-3683-B4E8-5BD7ED6D0CF6}.DebugGame Editor|Win64.Build.0 = Development|Any CPU
		{7D356204-8E24-3683-B4E8-5BD7ED6D0CF6}.DebugGame|Win64.ActiveCfg = Development|Any CPU
		{7D356204-8E24-3683-B4E8-5BD7ED6D0CF6}.DebugGame|Win64.Build.0 = Development|Any CPU
		{7D356204-8E24-3683-B4E8-5BD7ED6D0CF6}.Development Editor|Win64.ActiveCfg = Development|Any CPU
		{7D356204-8E24-3683-B4E8-5BD7ED6D0CF6}.Development Editor|Win64.Build.0 = Development|Any CPU
		{7D356204-8E24-3683-B4E8-5BD7ED6D0CF6}.Development|Win64.ActiveCfg = Development|Any CPU
		{7D356204-8E24-3683-B4E8-5BD7ED6D0CF6}.Development|Win64.Build.0 = Development|Any CPU
		{7D356204-8E24-3683-B4E8-5BD7ED6D0CF6}.Shipping|Win64.ActiveCfg = Development|Any CPU
		{7D356204-8E24-3683-B4E8-5BD7ED6D0CF6}.Shipping|Win64.Build.0 = Development|Any CPU
		{AD6DEE75-CA9E-3EF3-9264-A64BE4EB4BEF}.DebugGame Editor|Win64.ActiveCfg = Development|Any CPU
		{AD6DEE75-CA9E-3EF3-9264-A64BE4EB4BEF}.DebugGame Editor|Win64.Build.0 = Development|Any CPU
		{AD6DEE75-CA9E-3EF3-9264-A64BE4EB4BEF}.DebugGame|Win64.ActiveCfg = Development|Any CPU
		{AD6DEE75-CA9E-3EF3-9264-A64BE4EB4BEF}.DebugGame|Win64.Build.0 = Development|Any CPU
		{AD6DEE75-CA9E-3EF3-9264-A64BE4EB4BEF}.Development Editor|Win64.ActiveCfg = Development|Any CPU
		{AD6DEE75-CA9E-3EF3-9264-A64BE4EB4BEF}.Development Editor|Win64.Build.0 = Development|Any CPU
		{AD6DEE75-CA9E-3EF3-9264-A64BE4EB4BEF}.Development|Win64.ActiveCfg = Development|Any CPU
		{AD6DEE75-CA9E-3EF3-9264-A64BE4EB4BEF}.Development|Win64.Build.0 = Development|Any CPU
		{AD6DEE75-CA9E-3EF3-9264-A64BE4EB4BEF}.Shipping|Win64.ActiveCfg = Development|Any CPU
		{AD6DEE75-CA9E-3EF3-9264-A64BE4EB4BEF}.Shipping|Win64.Build.0 = Development|Any CPU
		{5C3F6DC8-745C-3845-AEFF-4A36A07FC2BF}.DebugGame Editor|Win64.ActiveCfg = Development|Any CPU
		{5C3F6DC8-745C-3845-AEFF-4A36A07FC2BF}.DebugGame Editor|Win64.Build.0 = Development|Any CPU
		{5C3F6DC8-745C-3845-AEFF-4A36A07FC2BF}.DebugGame|Win64.ActiveCfg = Development|Any CPU
		{5C3F6DC8-745C-3845-AEFF-4A36A07FC2BF}.DebugGame|Win64.Build.0 = Development|Any CPU
		{5C3F6DC8-745C-3845-AEFF-4A36A07FC2BF}.Development Editor|Win64.ActiveCfg = Development|Any CPU
		{5C3F6DC8-745C-3845-AEFF-4A36A07FC2BF}.Development Editor|Win64.Build.0 = Development|Any CPU
		{5C3F6DC8-745C-3845-AEFF-4A36A07FC2BF}.Development|Win64.ActiveCfg = Development|Any CPU
		{5C3F6DC8-745C-3845-AEFF-4A36A07FC2BF}.Development|Win64.Build.0 = Development|Any CPU
		{5C3F6DC8-745C-3845-AEFF-4A36A07FC2BF}.Shipping|Win64.ActiveCfg = Development|Any CPU
		{5C3F6DC8-745C-3845-AEFF-4A36A07FC2BF}.Shipping|Win64.Build.0 = Development|Any CPU
		{CCDFCC54-D113-31B2-8A89-2E6D3DA17E6D}.DebugGame Editor|Win64.ActiveCfg = Development|Any CPU
		{CCDFCC54-D113-31B2-8A89-2E6D3DA17E6D}.DebugGame Editor|Win64.Build.0 = Development|Any CPU
		{CCDFCC54-D113-31B2-8A89-2E6D3DA17E6D}.DebugGame|Win64.ActiveCfg = Development|Any CPU
		{CCDFCC54-D113-31B2-8A89-2E6D3DA17E6D}.DebugGame|Win64.Build.0 = Development|Any CPU
		{CCDFCC54-D113-31B2-8A89-2E6D3DA17E6D}.Development Editor|Win64.ActiveCfg = Development|Any CPU
		{CCDFCC54-D113-31B2-8A89-2E6D3DA17E6D}.Development Editor|Win64.Build.0 = Development|Any CPU
		{CCDFCC54-D113-31B2-8A89-2E6D3DA17E6D}.Development|Win64.ActiveCfg = Development|Any CPU
		{CCDFCC54-D113-31B2-8A89-2E6D3DA17E6D}.Development|Win64.Build.0 = Development|Any CPU
		{CCDFCC54-D113-31B2-8A89-2E6D3DA17E6D}.Shipping|Win64.ActiveCfg = Development|Any CPU
		{CCDFCC54-D113-31B2-8A89-2E6D3DA17E6D}.Shipping|Win64.Build.0 = Development|Any CPU
		{75EE5A33-C11B-33E6-8C78-C59F858CF286}.DebugGame Editor|Win64.ActiveCfg = Development|Any CPU
		{75EE5A33-C11B-33E6-8C78-C59F858CF286}.DebugGame Editor|Win64.Build.0 = Development|Any CPU
		{75EE5A33-C11B-33E6-8C78-C59F858CF286}.DebugGame|Win64.ActiveCfg = Development|Any CPU
		{75EE5A33-C11B-33E6-8C78-C59F858CF286}.DebugGame|Win64.Build.0 = Development|Any CPU
		{75EE5A33-C11B-33E6-8C78-C59F858CF286}.Development Editor|Win64.ActiveCfg = Development|Any CPU
		{75EE5A33-C11B-33E6-8C78-C59F858CF286}.Development Editor|Win64.Build.0 = Development|Any CPU
		{75EE5A33-C11B-33E6-8C78-C59F858CF286}.Development|Win64.ActiveCfg = Development|Any CPU
		{75EE5A33-C11B-33E6-8C78-C59F858CF286}.Development|Win64.Build.0 = Development|Any CPU
		{75EE5A33-C11B-33E6-8C78-C59F858CF286}.Shipping|Win64.ActiveCfg = Development|Any CPU
		{75EE5A33-C11B-33E6-8C78-C59F858CF286}.Shipping|Win64.Build.0 = Development|Any CPU
		{134D73AD-080D-383D-A96D-84E55B7C2985}.DebugGame Editor|Win64.ActiveCfg = Development|Any CPU
		{134D73AD-080D-383D-A96D-84E55B7C2985}.DebugGame Editor|Win64.Build.0 = Development|Any CPU
		{134D73AD-080D-383D-A96D-84E55B7C2985}.DebugGame|Win64.ActiveCfg = Development|Any CPU
		{134D73AD-080D-383D-A96D-84E55B7C2985}.DebugGame|Win64.Build.0 = Development|Any CPU
		{134D73AD-080D-383D-A96D-84E55B7C2985}.Development Editor|Win64.ActiveCfg = Development|Any CPU
		{134D73AD-080D-383D-A96D-84E55B7C2985}.Development Editor|Win64.Build.0 = Development|Any CPU
		{134D73AD-080D-383D-A96D-84E55B7C2985}.Development|Win64.ActiveCfg = Development|Any CPU
		{134D73AD-080D-383D-A96D-84E55B7C2985}.Development|Win64.Build.0 = Development|Any CPU
		{134D73AD-080D-383D-A96D-84E55B7C2985}.Shipping|Win64.ActiveCfg = Development|Any CPU
		{134D73AD-080D-383D-A96D-84E55B7C2985}.Shipping|Win64.Build.0 = Development|Any CPU
		{71531602-023C-3E21-A141-DD0A0EB5259D}.DebugGame Editor|Win64.ActiveCfg = Development|Any CPU
		{71531602-023C-3E21-A141-DD0A0EB5259D}.DebugGame Editor|Win64.Build.0 = Development|Any CPU
		{71531602-023C-3E21-A141-DD0A0EB5259D}.DebugGame|Win64.ActiveCfg = Development|Any CPU
		{71531602-023C-3E21-A141-DD0A0EB5259D}.DebugGame|Win64.Build.0 = Development|Any CPU
		{71531602-023C-3E21-A141-DD0A0EB5259D}.Development Editor|Win64.ActiveCfg = Development|Any CPU
		{71531602-023C-3E21-A141-DD0A0EB5259D}.Development Editor|Win64.Build.0 = Development|Any CPU
		{71531602-023C-3E21-A141-DD0A0EB5259D}.Development|Win64.ActiveCfg = Development|Any CPU
		{71531602-023C-3E21-A141-DD0A0EB5259D}.Development|Win64.Build.0 = Development|Any CPU
		{71531602-023C-3E21-A141-DD0A0EB5259D}.Shipping|Win64.ActiveCfg = Development|Any CPU
		{71531602-023C-3E21-A141-DD0A0EB5259D}.Shipping|Win64.Build.0 = Development|Any CPU
		{66AE3C9A-327B-321C-AA8E-436DCB42592D}.DebugGame Editor|Win64.ActiveCfg = Development|Any CPU
		{66AE3C9A-327B-321C-AA8E-436DCB42592D}.DebugGame Editor|Win64.Build.0 = Development|Any CPU
		{66AE3C9A-327B-321C-AA8E-436DCB42592D}.DebugGame|Win64.ActiveCfg = Development|Any CPU
		{66AE3C9A-327B-321C-AA8E-436DCB42592D}.DebugGame|Win64.Build.0 = Development|Any CPU
		{66AE3C9A-327B-321C-AA8E-436DCB42592D}.Development Editor|Win64.ActiveCfg = Development|Any CPU
		{66AE3C9A-327B-321C-AA8E-436DCB42592D}.Development Editor|Win64.Build.0 = Development|Any CPU
		{66AE3C9A-327B-321C-AA8E-436DCB42592D}.Development|Win64.ActiveCfg = Development|Any CPU
		{66AE3C9A-327B-321C-AA8E-436DCB42592D}.Development|Win64.Build.0 = Development|Any CPU
		{66AE3C9A-327B-321C-AA8E-436DCB42592D}.Shipping|Win64.ActiveCfg = Development|Any CPU
		{66AE3C9A-327B-321C-AA8E-436DCB42592D}.Shipping|Win64.Build.0 = Development|Any CPU
		{D896D904-5355-3252-B1AA-3ED5C082A2DA}.DebugGame Editor|Win64.ActiveCfg = Development|Any CPU
		{D896D904-5355-3252-B1AA-3ED5C082A2DA}.DebugGame Editor|Win64.Build.0 = Development|Any CPU
		{D896D904-5355-3252-B1AA-3ED5C082A2DA}.DebugGame|Win64.ActiveCfg = Development|Any CPU
		{D896D904-5355-3252-B1AA-3ED5C082A2DA}.DebugGame|Win64.Build.0 = Development|Any CPU
		{D896D904-5355-3252-B1AA-3ED5C082A2DA}.Development Editor|Win64.ActiveCfg = Development|Any CPU
		{D896D904-5355-3252-B1AA-3ED5C082A2DA}.Development Editor|Win64.Build.0 = Development|Any CPU
		{D896D904-5355-3252-B1AA-3ED5C082A2DA}.Development|Win64.ActiveCfg = Development|Any CPU
		{D896D904-5355-3252-B1AA-3ED5C082A2DA}.Development|Win64.Build.0 = Development|Any CPU
		{D896D904-5355-3252-B1AA-3ED5C082A2DA}.Shipping|Win64.ActiveCfg = Development|Any CPU
		{D896D904-5355-3252-B1AA-3ED5C082A2DA}.Shipping|Win64.Build.0 = Development|Any CPU
		{E14B1B16-CAE4-3411-9306-918A603DB2A9}.DebugGame Editor|Win64.ActiveCfg = Development|Any CPU
		{E14B1B16-CAE4-3411-9306-918A603DB2A9}.DebugGame Editor|Win64.Build.0 = Development|Any CPU
		{E14B1B16-CAE4-3411-9306-918A603DB2A9}.DebugGame|Win64.ActiveCfg = Development|Any CPU
		{E14B1B16-CAE4-3411-9306-918A603DB2A9}.DebugGame|Win64.Build.0 = Development|Any CPU
		{E14B1B16-CAE4-3411-9306-918A603DB2A9}.Development Editor|Win64.ActiveCfg = Development|Any CPU
		{E14B1B16-CAE4-3411-9306-918A603DB2A9}.Development Editor|Win64.Build.0 = Development|Any CPU
		{E14B1B16-CAE4-3411-9306-918A603DB2A9}.Development|Win64.ActiveCfg = Development|Any CPU
		{E14B1B16-CAE4-3411-9306-918A603DB2A9}.Development|Win64.Build.0 = Development|Any CPU
		{E14B1B16-CAE4-3411-9306-918A603DB2A9}.Shipping|Win64.ActiveCfg = Development|Any CPU
		{E14B1B16-CAE4-3411-9306-918A603DB2A9}.Shipping|Win64.Build.0 = Development|Any CPU
		{A13AA21D-F4B5-3EF6-A896-4F9F6936F26D}.DebugGame Editor|Win64.ActiveCfg = Development|Any CPU
		{A13AA21D-F4B5-3EF6-A896-4F9F6936F26D}.DebugGame Editor|Win64.Build.0 = Development|Any CPU
		{A13AA21D-F4B5-3EF6-A896-4F9F6936F26D}.DebugGame|Win64.ActiveCfg = Development|Any CPU
		{A13AA21D-F4B5-3EF6-A896-4F9F6936F26D}.DebugGame|Win64.Build.0 = Development|Any CPU
		{A13AA21D-F4B5-3EF6-A896-4F9F6936F26D}.Development Editor|Win64.ActiveCfg = Development|Any CPU
		{A13AA21D-F4B5-3EF6-A896-4F9F6936F26D}.Development Editor|Win64.Build.0 = Development|Any CPU
		{A13AA21D-F4B5-3EF6-A896-4F9F6936F26D}.Development|Win64.ActiveCfg = Development|Any CPU
		{A13AA21D-F4B5-3EF6-A896-4F9F6936F26D}.Development|Win64.Build.0 = Development|Any CPU
		{A13AA21D-F4B5-3EF6-A896-4F9F6936F26D}.Shipping|Win64.ActiveCfg = Development|Any CPU
		{A13AA21D-F4B5-3EF6-A896-4F9F6936F26D}.Shipping|Win64.Build.0 = Development|Any CPU
		{F45C67D0-76A8-33CB-B55F-BCBFCD0B18B7}.DebugGame Editor|Win64.ActiveCfg = Development|Any CPU
		{F45C67D0-76A8-33CB-B55F-BCBFCD0B18B7}.DebugGame Editor|Win64.Build.0 = Development|Any CPU
		{F45C67D0-76A8-33CB-B55F-BCBFCD0B18B7}.DebugGame|Win64.ActiveCfg = Development|Any CPU
		{F45C67D0-76A8-33CB-B55F-BCBFCD0B18B7}.DebugGame|Win64.Build.0 = Development|Any CPU
		{F45C67D0-76A8-33CB-B55F-BCBFCD0B18B7}.Development Editor|Win64.ActiveCfg = Development|Any CPU
		{F45C67D0-76A8-33CB-B55F-BCBFCD0B18B7}.Development Editor|Win64.Build.0 = Development|Any CPU
		{F45C67D0-76A8-33CB-B55F-BCBFCD0B18B7}.Development|Win64.ActiveCfg = Development|Any CPU
		{F45C67D0-76A8-33CB-B55F-BCBFCD0B18B7}.Development|Win64.Build.0 = Development|Any CPU
		{F45C67D0-76A8-33CB-B55F-BCBFCD0B18B7}.Shipping|Win64.ActiveCfg = Development|Any CPU
		{F45C67D0-76A8-33CB-B55F-BCBFCD0B18B7}.Shipping|Win64.Build.0 = Development|Any CPU
		{CAB17433-10A2-3AFC-AD85-B91853810DD6}.DebugGame Editor|Win64.ActiveCfg = Development|Any CPU
		{CAB17433-10A2-3AFC-AD85-B91853810DD6}.DebugGame Editor|Win64.Build.0 = Development|Any CPU
		{CAB17433-10A2-3AFC-AD85-B91853810DD6}.DebugGame|Win64.ActiveCfg = Development|Any CPU
		{CAB17433-10A2-3AFC-AD85-B91853810DD6}.DebugGame|Win64.Build.0 = Development|Any CPU
		{CAB17433-10A2-3AFC-AD85-B91853810DD6}.Development Editor|Win64.ActiveCfg = Development|Any CPU
		{CAB17433-10A2-3AFC-AD85-B91853810DD6}.Development Editor|Win64.Build.0 = Development|Any CPU
		{CAB17433-10A2-3AFC-AD85-B91853810DD6}.Development|Win64.ActiveCfg = Development|Any CPU
		{CAB17433-10A2-3AFC-AD85-B91853810DD6}.Development|Win64.Build.0 = Development|Any CPU
		{CAB17433-10A2-3AFC-AD85-B91853810DD6}.Shipping|Win64.ActiveCfg = Development|Any CPU
		{CAB17433-10A2-3AFC-AD85-B91853810DD6}.Shipping|Win64.Build.0 = Development|Any CPU
		{EA42C7F9-4D0A-3414-9584-5E2A303CED74}.DebugGame Editor|Win64.ActiveCfg = Development|Any CPU
		{EA42C7F9-4D0A-3414-9584-5E2A303CED74}.DebugGame Editor|Win64.Build.0 = Development|Any CPU
		{EA42C7F9-4D0A-3414-9584-5E2A303CED74}.DebugGame|Win64.ActiveCfg = Development|Any CPU
		{EA42C7F9-4D0A-3414-9584-5E2A303CED74}.DebugGame|Win64.Build.0 = Development|Any CPU
		{EA42C7F9-4D0A-3414-9584-5E2A303CED74}.Development Editor|Win64.ActiveCfg = Development|Any CPU
		{EA42C7F9-4D0A-3414-9584-5E2A303CED74}.Development Editor|Win64.Build.0 = Development|Any CPU
		{EA42C7F9-4D0A-3414-9584-5E2A303CED74}.Development|Win64.ActiveCfg = Development|Any CPU
		{EA42C7F9-4D0A-3414-9584-5E2A303CED74}.Development|Win64.Build.0 = Development|Any CPU
		{EA42C7F9-4D0A-3414-9584-5E2A303CED74}.Shipping|Win64.ActiveCfg = Development|Any CPU
		{EA42C7F9-4D0A-3414-9584-5E2A303CED74}.Shipping|Win64.Build.0 = Development|Any CPU
		{655C20FE-EF17-348F-A143-011394BC97CE}.DebugGame Editor|Win64.ActiveCfg = Development|Any CPU
		{655C20FE-EF17-348F-A143-011394BC97CE}.DebugGame Editor|Win64.Build.0 = Development|Any CPU
		{655C20FE-EF17-348F-A143-011394BC97CE}.DebugGame|Win64.ActiveCfg = Development|Any CPU
		{655C20FE-EF17-348F-A143-011394BC97CE}.DebugGame|Win64.Build.0 = Development|Any CPU
		{655C20FE-EF17-348F-A143-011394BC97CE}.Development Editor|Win64.ActiveCfg = Development|Any CPU
		{655C20FE-EF17-348F-A143-011394BC97CE}.Development Editor|Win64.Build.0 = Development|Any CPU
		{655C20FE-EF17-348F-A143-011394BC97CE}.Development|Win64.ActiveCfg = Development|Any CPU
		{655C20FE-EF17-348F-A143-011394BC97CE}.Development|Win64.Build.0 = Development|Any CPU
		{655C20FE-EF17-348F-A143-011394BC97CE}.Shipping|Win64.ActiveCfg = Development|Any CPU
		{655C20FE-EF17-348F-A143-011394BC97CE}.Shipping|Win64.Build.0 = Development|Any CPU
		{FCBDCF1D-7707-3DFB-A79F-8586DFF3168F}.DebugGame Editor|Win64.ActiveCfg = Development|Any CPU
		{FCBDCF1D-7707-3DFB-A79F-8586DFF3168F}.DebugGame Editor|Win64.Build.0 = Development|Any CPU
		{FCBDCF1D-7707-3DFB-A79F-8586DFF3168F}.DebugGame|Win64.ActiveCfg = Development|Any CPU
		{FCBDCF1D-7707-3DFB-A79F-8586DFF3168F}.DebugGame|Win64.Build.0 = Development|Any CPU
		{FCBDCF1D-7707-3DFB-A79F-8586DFF3168F}.Development Editor|Win64.ActiveCfg = Development|Any CPU
		{FCBDCF1D-7707-3DFB-A79F-8586DFF3168F}.Development Editor|Win64.Build.0 = Development|Any CPU
		{FCBDCF1D-7707-3DFB-A79F-8586DFF3168F}.Development|Win64.ActiveCfg = Development|Any CPU
		{FCBDCF1D-7707-3DFB-A79F-8586DFF3168F}.Development|Win64.Build.0 = Development|Any CPU
		{FCBDCF1D-7707-3DFB-A79F-8586DFF3168F}.Shipping|Win64.ActiveCfg = Development|Any CPU
		{FCBDCF1D-7707-3DFB-A79F-8586DFF3168F}.Shipping|Win64.Build.0 = Development|Any CPU
		{5BF7976C-735E-36A0-9044-73C467858423}.DebugGame Editor|Win64.ActiveCfg = Development|Any CPU
		{5BF7976C-735E-36A0-9044-73C467858423}.DebugGame Editor|Win64.Build.0 = Development|Any CPU
		{5BF7976C-735E-36A0-9044-73C467858423}.DebugGame|Win64.ActiveCfg = Development|Any CPU
		{5BF7976C-735E-36A0-9044-73C467858423}.DebugGame|Win64.Build.0 = Development|Any CPU
		{5BF7976C-735E-36A0-9044-73C467858423}.Development Editor|Win64.ActiveCfg = Development|Any CPU
		{5BF7976C-735E-36A0-9044-73C467858423}.Development Editor|Win64.Build.0 = Development|Any CPU
		{5BF7976C-735E-36A0-9044-73C467858423}.Development|Win64.ActiveCfg = Development|Any CPU
		{5BF7976C-735E-36A0-9044-73C467858423}.Development|Win64.Build.0 = Development|Any CPU
		{5BF7976C-735E-36A0-9044-73C467858423}.Shipping|Win64.ActiveCfg = Development|Any CPU
		{5BF7976C-735E-36A0-9044-73C467858423}.Shipping|Win64.Build.0 = Development|Any CPU
		{6C423E63-CFDF-3A73-8F3D-2FC254E02779}.DebugGame Editor|Win64.ActiveCfg = Development|Any CPU
		{6C423E63-CFDF-3A73-8F3D-2FC254E02779}.DebugGame Editor|Win64.Build.0 = Development|Any CPU
		{6C423E63-CFDF-3A73-8F3D-2FC254E02779}.DebugGame|Win64.ActiveCfg = Development|Any CPU
		{6C423E63-CFDF-3A73-8F3D-2FC254E02779}.DebugGame|Win64.Build.0 = Development|Any CPU
		{6C423E63-CFDF-3A73-8F3D-2FC254E02779}.Development Editor|Win64.ActiveCfg = Development|Any CPU
		{6C423E63-CFDF-3A73-8F3D-2FC254E02779}.Development Editor|Win64.Build.0 = Development|Any CPU
		{6C423E63-CFDF-3A73-8F3D-2FC254E02779}.Development|Win64.ActiveCfg = Development|Any CPU
		{6C423E63-CFDF-3A73-8F3D-2FC254E02779}.Development|Win64.Build.0 = Development|Any CPU
		{6C423E63-CFDF-3A73-8F3D-2FC254E02779}.Shipping|Win64.ActiveCfg = Development|Any CPU
		{6C423E63-CFDF-3A73-8F3D-2FC254E02779}.Shipping|Win64.Build.0 = Development|Any CPU
		{12A51580-F840-3B54-BB0D-1C21AF9F17A0}.DebugGame Editor|Win64.ActiveCfg = Development|Any CPU
		{12A51580-F840-3B54-BB0D-1C21AF9F17A0}.DebugGame Editor|Win64.Build.0 = Development|Any CPU
		{12A51580-F840-3B54-BB0D-1C21AF9F17A0}.DebugGame|Win64.ActiveCfg = Development|Any CPU
		{12A51580-F840-3B54-BB0D-1C21AF9F17A0}.DebugGame|Win64.Build.0 = Development|Any CPU
		{12A51580-F840-3B54-BB0D-1C21AF9F17A0}.Development Editor|Win64.ActiveCfg = Development|Any CPU
		{12A51580-F840-3B54-BB0D-1C21AF9F17A0}.Development Editor|Win64.Build.0 = Development|Any CPU
		{12A51580-F840-3B54-BB0D-1C21AF9F17A0}.Development|Win64.ActiveCfg = Development|Any CPU
		{12A51580-F840-3B54-BB0D-1C21AF9F17A0}.Development|Win64.Build.0 = Development|Any CPU
		{12A51580-F840-3B54-BB0D-1C21AF9F17A0}.Shipping|Win64.ActiveCfg = Development|Any CPU
		{12A51580-F840-3B54-BB0D-1C21AF9F17A0}.Shipping|Win64.Build.0 = Development|Any CPU
	EndGlobalSection
	GlobalSection(SolutionProperties) = preSolution
		HideSolutionNode = FALSE
	EndGlobalSection
	GlobalSection(NestedProjects) = preSolution
		{CCED82B8-5E76-3026-BCCA-8AC5AF3BB4D4} = {233774A8-CC9D-3FA9-86D1-90573E92B704}
		{F77F13B2-DF0C-3AA3-9AE0-2C51E265BC10} = {DE1F8B53-6C02-3C13-9101-A7C8D96F3FF6}
		{B5E1843F-0859-3C04-B9C8-F0083FCD600C} = {A338B9E2-A559-34BE-A46D-F789DD488FAD}
		{4ED8320C-F386-3A2F-8D40-931CDE9F1690} = {A338B9E2-A559-34BE-A46D-F789DD488FAD}
		{0BFBE63A-B98A-3411-8EEB-8918FEC737B3} = {A338B9E2-A559-34BE-A46D-F789DD488FAD}
		{7B5CFB44-F0FB-31DF-AE62-C3C096A29A7B} = {A338B9E2-A559-34BE-A46D-F789DD488FAD}
		{57713676-9DBE-331C-AD10-26632AC9EE0C} = {A338B9E2-A559-34BE-A46D-F789DD488FAD}
		{ED8D45BD-17DE-3F42-AA7C-FB70A3249E48} = {0BFBE63A-B98A-3411-8EEB-8918FEC737B3}
		{05E98CEA-B844-38E7-A509-D324279DDE14} = {0BFBE63A-B98A-3411-8EEB-8918FEC737B3}
		{B22D724C-78D2-37A9-B684-36538A0A1D43} = {0BFBE63A-B98A-3411-8EEB-8918FEC737B3}
		{F2999E48-264D-357F-9375-65796450C712} = {0BFBE63A-B98A-3411-8EEB-8918FEC737B3}
		{1BF96955-2666-3BED-8749-8CB4BBFCB025} = {0BFBE63A-B98A-3411-8EEB-8918FEC737B3}
		{8D2403F9-1AE8-3318-B945-19F0AE94981A} = {0BFBE63A-B98A-3411-8EEB-8918FEC737B3}
		{37AE3BAE-00CA-394C-B436-6CB75E1D0EA9} = {0BFBE63A-B98A-3411-8EEB-8918FEC737B3}
		{B51CD3D2-D409-33F2-A7CA-450D3B24D441} = {0BFBE63A-B98A-3411-8EEB-8918FEC737B3}
		{D060560C-1E39-3027-AF53-C9C0635C8DF7} = {0BFBE63A-B98A-3411-8EEB-8918FEC737B3}
		{41EC88E1-A77F-38EC-9644-6FFCCE4B5C6B} = {0BFBE63A-B98A-3411-8EEB-8918FEC737B3}
		{29C6B0AC-42F2-39FB-9870-B9D45D87B6BB} = {0BFBE63A-B98A-3411-8EEB-8918FEC737B3}
		{7ED386C2-7153-36CC-8BD6-3B913771DA09} = {0BFBE63A-B98A-3411-8EEB-8918FEC737B3}
		{6E1A0C75-8D07-3D9D-914A-B61E2A941946} = {0BFBE63A-B98A-3411-8EEB-8918FEC737B3}
		{1B3B99F3-ECB2-3FA4-9858-C1DE9FB336C2} = {0BFBE63A-B98A-3411-8EEB-8918FEC737B3}
		{B708C6BE-CB3D-344E-8DD8-C4D2E4F3B420} = {0BFBE63A-B98A-3411-8EEB-8918FEC737B3}
		{B586DB52-1439-3BCA-B4E4-D17FA9D975E4} = {0BFBE63A-B98A-3411-8EEB-8918FEC737B3}
		{BCBAB072-7A08-3030-B6D4-388F9EC7016B} = {0BFBE63A-B98A-3411-8EEB-8918FEC737B3}
		{BAB29FE8-3D8D-34A3-B4E2-1BD49DE87FFF} = {0BFBE63A-B98A-3411-8EEB-8918FEC737B3}
		{98AA3335-6F0B-37EC-8DAF-866F12317547} = {0BFBE63A-B98A-3411-8EEB-8918FEC737B3}
		{B9E8141F-613E-36C0-A0A3-2CC65D96F67B} = {0BFBE63A-B98A-3411-8EEB-8918FEC737B3}
		{EED4120E-E4D3-3EE1-87B9-2429F3AEC694} = {7B5CFB44-F0FB-31DF-AE62-C3C096A29A7B}
		{CBC097E9-E305-37F0-ACFE-DDF952940067} = {57713676-9DBE-331C-AD10-26632AC9EE0C}
		{1597F512-5E59-3FAA-A8A1-EE9C188D2D3C} = {57713676-9DBE-331C-AD10-26632AC9EE0C}
		{243FD8B3-A410-32F5-B5DF-8700F0A5D4FE} = {57713676-9DBE-331C-AD10-26632AC9EE0C}
		{008EE11A-C484-388A-A3D5-8B0B5EDD8DA3} = {57713676-9DBE-331C-AD10-26632AC9EE0C}
		{29E33A46-2D48-32CB-BE41-65668E84F0D3} = {57713676-9DBE-331C-AD10-26632AC9EE0C}
		{7D356204-8E24-3683-B4E8-5BD7ED6D0CF6} = {57713676-9DBE-331C-AD10-26632AC9EE0C}
		{AD6DEE75-CA9E-3EF3-9264-A64BE4EB4BEF} = {57713676-9DBE-331C-AD10-26632AC9EE0C}
		{5C3F6DC8-745C-3845-AEFF-4A36A07FC2BF} = {57713676-9DBE-331C-AD10-26632AC9EE0C}
		{CCDFCC54-D113-31B2-8A89-2E6D3DA17E6D} = {57713676-9DBE-331C-AD10-26632AC9EE0C}
		{75EE5A33-C11B-33E6-8C78-C59F858CF286} = {57713676-9DBE-331C-AD10-26632AC9EE0C}
		{134D73AD-080D-383D-A96D-84E55B7C2985} = {57713676-9DBE-331C-AD10-26632AC9EE0C}
		{71531602-023C-3E21-A141-DD0A0EB5259D} = {57713676-9DBE-331C-AD10-26632AC9EE0C}
		{66AE3C9A-327B-321C-AA8E-436DCB42592D} = {57713676-9DBE-331C-AD10-26632AC9EE0C}
		{D896D904-5355-3252-B1AA-3ED5C082A2DA} = {57713676-9DBE-331C-AD10-26632AC9EE0C}
		{E14B1B16-CAE4-3411-9306-918A603DB2A9} = {57713676-9DBE-331C-AD10-26632AC9EE0C}
		{A13AA21D-F4B5-3EF6-A896-4F9F6936F26D} = {57713676-9DBE-331C-AD10-26632AC9EE0C}
		{F45C67D0-76A8-33CB-B55F-BCBFCD0B18B7} = {57713676-9DBE-331C-AD10-26632AC9EE0C}
		{CAB17433-10A2-3AFC-AD85-B91853810DD6} = {57713676-9DBE-331C-AD10-26632AC9EE0C}
		{EA42C7F9-4D0A-3414-9584-5E2A303CED74} = {57713676-9DBE-331C-AD10-26632AC9EE0C}
		{655C20FE-EF17-348F-A143-011394BC97CE} = {57713676-9DBE-331C-AD10-26632AC9EE0C}
		{FCBDCF1D-7707-3DFB-A79F-8586DFF3168F} = {C2F57ECE-B26F-39D8-BDA7-C1D40BD8F180}
		{5BF7976C-735E-36A0-9044-73C467858423} = {C2F57ECE-B26F-39D8-BDA7-C1D40BD8F180}
		{6C423E63-CFDF-3A73-8F3D-2FC254E02779} = {C2F57ECE-B26F-39D8-BDA7-C1D40BD8F180}
		{12A51580-F840-3B54-BB0D-1C21AF9F17A0} = {C2F57ECE-B26F-39D8-BDA7-C1D40BD8F180}
	EndGlobalSection
EndGlobal
